
Microsoft Visual Studio Solution File, Format Version 12.00
# Visual Studio Version 16
VisualStudioVersion = 16.0.30804.86
MinimumVisualStudioVersion = 10.0.40219.1
Project("{FAE04EC0-301F-11D3-BF4B-00C04F79EFBC}") = "EStore.Api", "EStore.Api\EStore.Api.csproj", "{3E0BB45B-4616-4092-B971-FE724C3E3962}"
EndProject
Global
	GlobalSection(SolutionConfigurationPlatforms) = preSolution
		Debug|Any CPU = Debug|Any CPU
		Release|Any CPU = Release|Any CPU
	EndGlobalSection
	GlobalSection(ProjectConfigurationPlatforms) = postSolution
		{3E0BB45B-4616-4092-B971-FE724C3E3962}.Debug|Any CPU.ActiveCfg = Debug|Any CPU
		{3E0BB45B-4616-4092-B971-FE724C3E3962}.Debug|Any CPU.Build.0 = Debug|Any CPU
		{3E0BB45B-4616-4092-B971-FE724C3E3962}.Release|Any CPU.ActiveCfg = Release|Any CPU
		{3E0BB45B-4616-4092-B971-FE724C3E3962}.Release|Any CPU.Build.0 = Release|Any CPU
	EndGlobalSection
	GlobalSection(SolutionProperties) = preSolution
		HideSolutionNode = FALSE
	EndGlobalSection
	GlobalSection(ExtensibilityGlobals) = postSolution
		SolutionGuid = {CF5A1E23-7547-4290-9402-EC53E2EFC6A1}
	EndGlobalSection
EndGlobal
